
Microsoft Visual Studio Solution File, Format Version 12.00
# Visual Studio Version 16
VisualStudioVersion = 16.0.31321.278
MinimumVisualStudioVersion = 10.0.40219.1
Project("{FAE04EC0-301F-11D3-BF4B-00C04F79EFBC}") = "APIFrameworkApp", "APIFrameworkApp\APIFrameworkApp.csproj", "{46EB540A-508E-4749-8426-CE46B0091213}"
EndProject
Global
	GlobalSection(SolutionConfigurationPlatforms) = preSolution
		Debug|Any CPU = Debug|Any CPU
		Release|Any CPU = Release|Any CPU
	EndGlobalSection
	GlobalSection(ProjectConfigurationPlatforms) = postSolution
		{46EB540A-508E-4749-8426-CE46B0091213}.Debug|Any CPU.ActiveCfg = Debug|Any CPU
		{46EB540A-508E-4749-8426-CE46B0091213}.Debug|Any CPU.Build.0 = Debug|Any CPU
		{46EB540A-508E-4749-8426-CE46B0091213}.Release|Any CPU.ActiveCfg = Release|Any CPU
		{46EB540A-508E-4749-8426-CE46B0091213}.Release|Any CPU.Build.0 = Release|Any CPU
	EndGlobalSection
	GlobalSection(SolutionProperties) = preSolution
		HideSolutionNode = FALSE
	EndGlobalSection
	GlobalSection(ExtensibilityGlobals) = postSolution
		SolutionGuid = {14191B96-8EAB-4AEC-8D81-58CF067A1122}
	EndGlobalSection
EndGlobal
